github.com/hashicorp/go-cleanhttp v0.5.2 h1:035FKYIWjmULyFRBKPs8TBQoi0x6d9G4xc9neXJWAZQ=
github.com/hashicorp/go-cleanhttp v0.5.2/go.mod h1:kO/YDlP8L1346E6Sodw+PrpBSV4/SoxCXGY6BqNFT48=
github.com/hekmon/cunits/v2 v2.1.0 h1:k6wIjc4PlacNOHwKEMBgWV2/c8jyD4eRMs5mR1BBhI0=
github.com/hekmon/cunits/v2 v2.1.0/go.mod h1:9r1TycXYXaTmEWlAIfFV8JT+Xo59U96yUJAYHxzii2M=
